{
  "requires": true,
  "lockfileVersion": 1,
  "dependencies": {
    "iframe-resizer": {
      "version": "4.2.11",
      "resolved": "https://registry.npmjs.org/iframe-resizer/-/iframe-resizer-4.2.11.tgz",
      "integrity": "sha512-fj5vX5kkpRbMb5Qje6veIDzqoJpnCEqUDdSOwASOeQHYmb8hLYX6Ev2yXf3jjMs2MclwcYY3chyZ3diGKcr8DA=="
    }
  }
}
